
Microsoft Visual Studio Solution File, Format Version 12.00
# Visual Studio Version 16
VisualStudioVersion = 16.0.30114.105
MinimumVisualStudioVersion = 10.0.40219.1
Project("{FAE04EC0-301F-11D3-BF4B-00C04F79EFBC}") = "01LinearSearch", "01LinearSearch\01LinearSearch.csproj", "{6E364DB3-AF18-476D-AB5C-BD2FACB60EB6}"
EndProject
Project("{FAE04EC0-301F-11D3-BF4B-00C04F79EFBC}") = "01LinearSearch.Tests", "01LinearSearch.Tests\01LinearSearch.Tests.csproj", "{874A7477-73DC-4B8E-A083-DD05A9DA056D}"
EndProject
Project("{FAE04EC0-301F-11D3-BF4B-00C04F79EFBC}") = "02BinarySearch", "02BinarySearch\02BinarySearch.csproj", "{DF4D5039-EB7C-4F3F-A308-D5D79BCE43A2}"
EndProject
Project("{FAE04EC0-301F-11D3-BF4B-00C04F79EFBC}") = "02BinarySearch.Tests", "02BinarySearch.Tests\02BinarySearch.Tests.csproj", "{C10BAD6C-4B3E-4E95-AE59-4A56BACD0C7B}"
EndProject
Project("{2150E333-8FDC-42A3-9474-1A3956D46DE8}") = "04BubbleSort", "04BubbleSort", "{915CD8D5-B66D-4AC4-BA8A-38B8E019517A}"
EndProject
Project("{FAE04EC0-301F-11D3-BF4B-00C04F79EFBC}") = "BubbleSort", "04BubbleSort\BubbleSort\BubbleSort.csproj", "{D6DFB8D8-D538-4866-8F06-361AB272FA60}"
EndProject
Project("{FAE04EC0-301F-11D3-BF4B-00C04F79EFBC}") = "BubbleSort.Tests", "04BubbleSort\BubbleSort.Tests\BubbleSort.Tests.csproj", "{46A7E921-E0DC-4FE0-83CE-7E7F09BB16FD}"
EndProject
Project("{2150E333-8FDC-42A3-9474-1A3956D46DE8}") = "05Queue", "05Queue", "{4D18E648-EFAE-4905-A039-2CD182BA9886}"
EndProject
Project("{FAE04EC0-301F-11D3-BF4B-00C04F79EFBC}") = "Queue", "05Queue\Queue\Queue.csproj", "{396330FC-B131-48D8-8873-7C974887EFC7}"
EndProject
Project("{FAE04EC0-301F-11D3-BF4B-00C04F79EFBC}") = "Queue.Tests", "05Queue\Queue.Tests\Queue.Tests.csproj", "{CD7C4028-E86D-4312-8649-F506CFFE8B3F}"
EndProject
Global
	GlobalSection(SolutionConfigurationPlatforms) = preSolution
		Debug|Any CPU = Debug|Any CPU
		Release|Any CPU = Release|Any CPU
	EndGlobalSection
	GlobalSection(SolutionProperties) = preSolution
		HideSolutionNode = FALSE
	EndGlobalSection
	GlobalSection(ProjectConfigurationPlatforms) = postSolution
		{6E364DB3-AF18-476D-AB5C-BD2FACB60EB6}.Debug|Any CPU.ActiveCfg = Debug|Any CPU
		{6E364DB3-AF18-476D-AB5C-BD2FACB60EB6}.Debug|Any CPU.Build.0 = Debug|Any CPU
		{6E364DB3-AF18-476D-AB5C-BD2FACB60EB6}.Release|Any CPU.ActiveCfg = Release|Any CPU
		{6E364DB3-AF18-476D-AB5C-BD2FACB60EB6}.Release|Any CPU.Build.0 = Release|Any CPU
		{874A7477-73DC-4B8E-A083-DD05A9DA056D}.Debug|Any CPU.ActiveCfg = Debug|Any CPU
		{874A7477-73DC-4B8E-A083-DD05A9DA056D}.Debug|Any CPU.Build.0 = Debug|Any CPU
		{874A7477-73DC-4B8E-A083-DD05A9DA056D}.Release|Any CPU.ActiveCfg = Release|Any CPU
		{874A7477-73DC-4B8E-A083-DD05A9DA056D}.Release|Any CPU.Build.0 = Release|Any CPU
		{DF4D5039-EB7C-4F3F-A308-D5D79BCE43A2}.Debug|Any CPU.ActiveCfg = Debug|Any CPU
		{DF4D5039-EB7C-4F3F-A308-D5D79BCE43A2}.Debug|Any CPU.Build.0 = Debug|Any CPU
		{DF4D5039-EB7C-4F3F-A308-D5D79BCE43A2}.Release|Any CPU.ActiveCfg = Release|Any CPU
		{DF4D5039-EB7C-4F3F-A308-D5D79BCE43A2}.Release|Any CPU.Build.0 = Release|Any CPU
		{C10BAD6C-4B3E-4E95-AE59-4A56BACD0C7B}.Debug|Any CPU.ActiveCfg = Debug|Any CPU
		{C10BAD6C-4B3E-4E95-AE59-4A56BACD0C7B}.Debug|Any CPU.Build.0 = Debug|Any CPU
		{C10BAD6C-4B3E-4E95-AE59-4A56BACD0C7B}.Release|Any CPU.ActiveCfg = Release|Any CPU
		{C10BAD6C-4B3E-4E95-AE59-4A56BACD0C7B}.Release|Any CPU.Build.0 = Release|Any CPU
		{D6DFB8D8-D538-4866-8F06-361AB272FA60}.Debug|Any CPU.ActiveCfg = Debug|Any CPU
		{D6DFB8D8-D538-4866-8F06-361AB272FA60}.Debug|Any CPU.Build.0 = Debug|Any CPU
		{D6DFB8D8-D538-4866-8F06-361AB272FA60}.Release|Any CPU.ActiveCfg = Release|Any CPU
		{D6DFB8D8-D538-4866-8F06-361AB272FA60}.Release|Any CPU.Build.0 = Release|Any CPU
		{46A7E921-E0DC-4FE0-83CE-7E7F09BB16FD}.Debug|Any CPU.ActiveCfg = Debug|Any CPU
		{46A7E921-E0DC-4FE0-83CE-7E7F09BB16FD}.Debug|Any CPU.Build.0 = Debug|Any CPU
		{46A7E921-E0DC-4FE0-83CE-7E7F09BB16FD}.Release|Any CPU.ActiveCfg = Release|Any CPU
		{46A7E921-E0DC-4FE0-83CE-7E7F09BB16FD}.Release|Any CPU.Build.0 = Release|Any CPU
		{396330FC-B131-48D8-8873-7C974887EFC7}.Debug|Any CPU.ActiveCfg = Debug|Any CPU
		{396330FC-B131-48D8-8873-7C974887EFC7}.Debug|Any CPU.Build.0 = Debug|Any CPU
		{396330FC-B131-48D8-8873-7C974887EFC7}.Release|Any CPU.ActiveCfg = Release|Any CPU
		{396330FC-B131-48D8-8873-7C974887EFC7}.Release|Any CPU.Build.0 = Release|Any CPU
		{CD7C4028-E86D-4312-8649-F506CFFE8B3F}.Debug|Any CPU.ActiveCfg = Debug|Any CPU
		{CD7C4028-E86D-4312-8649-F506CFFE8B3F}.Debug|Any CPU.Build.0 = Debug|Any CPU
		{CD7C4028-E86D-4312-8649-F506CFFE8B3F}.Release|Any CPU.ActiveCfg = Release|Any CPU
		{CD7C4028-E86D-4312-8649-F506CFFE8B3F}.Release|Any CPU.Build.0 = Release|Any CPU
	EndGlobalSection
	GlobalSection(NestedProjects) = preSolution
		{D6DFB8D8-D538-4866-8F06-361AB272FA60} = {915CD8D5-B66D-4AC4-BA8A-38B8E019517A}
		{46A7E921-E0DC-4FE0-83CE-7E7F09BB16FD} = {915CD8D5-B66D-4AC4-BA8A-38B8E019517A}
		{396330FC-B131-48D8-8873-7C974887EFC7} = {4D18E648-EFAE-4905-A039-2CD182BA9886}
		{CD7C4028-E86D-4312-8649-F506CFFE8B3F} = {4D18E648-EFAE-4905-A039-2CD182BA9886}
	EndGlobalSection
EndGlobal
